// !$*UTF8*$!
{
	archiveVersion = 1;
	classes = {
	};
	objectVersion = 46;
	objects = {

/* Begin PBXBuildFile section */
		004583BB1DFAAE97004720BD /* AppDelegate.swift in Sources */ = {isa = PBXBuildFile; fileRef = 004583BA1DFAAE97004720BD /* AppDelegate.swift */; };
		004583BD1DFAAE97004720BD /* ViewController.swift in Sources */ = {isa = PBXBuildFile; fileRef = 004583BC1DFAAE97004720BD /* ViewController.swift */; };
		004583C01DFAAE97004720BD /* Main.storyboard in Resources */ = {isa = PBXBuildFile; fileRef = 004583BE1DFAAE97004720BD /* Main.storyboard */; };
		004583C21DFAAE97004720BD /* Assets.xcassets in Resources */ = {isa = PBXBuildFile; fileRef = 004583C11DFAAE97004720BD /* Assets.xcassets */; };
		004583C51DFAAE97004720BD /* LaunchScreen.storyboard in Resources */ = {isa = PBXBuildFile; fileRef = 004583C31DFAAE97004720BD /* LaunchScreen.storyboard */; };
		004583D31DFAB37F004720BD /* AppDelegate.swift in Sources */ = {isa = PBXBuildFile; fileRef = 004583D21DFAB37F004720BD /* AppDelegate.swift */; };
		004583D51DFAB37F004720BD /* ViewController.swift in Sources */ = {isa = PBXBuildFile; fileRef = 004583D41DFAB37F004720BD /* ViewController.swift */; };
		004583D81DFAB37F004720BD /* Main.storyboard in Resources */ = {isa = PBXBuildFile; fileRef = 004583D61DFAB37F004720BD /* Main.storyboard */; };
		004583DA1DFAB37F004720BD /* Assets.xcassets in Resources */ = {isa = PBXBuildFile; fileRef = 004583D91DFAB37F004720BD /* Assets.xcassets */; };
		004583DD1DFAB37F004720BD /* LaunchScreen.storyboard in Resources */ = {isa = PBXBuildFile; fileRef = 004583DB1DFAB37F004720BD /* LaunchScreen.storyboard */; };
		922EAA68108AC6C218CBB728 /* Pods_RxSwiftStudy.framework in Frameworks */ = {isa = PBXBuildFile; fileRef = ABD8BF04A5D9280BECA6784A /* Pods_RxSwiftStudy.framework */; };
/* End PBXBuildFile section */

/* Begin PBXFileReference section */
		004583B71DFAAE97004720BD /* RxSwiftStudy.app */ = {isa = PBXFileReference; explicitFileType = wrapper.application; includeInIndex = 0; path = RxSwiftStudy.app; sourceTree = BUILT_PRODUCTS_DIR; };
		004583BA1DFAAE97004720BD /* AppDelegate.swift */ = {isa = PBXFileReference; lastKnownFileType = sourcecode.swift; path = AppDelegate.swift; sourceTree = "<group>"; };
		004583BC1DFAAE97004720BD /* ViewController.swift */ = {isa = PBXFileReference; lastKnownFileType = sourcecode.swift; path = ViewController.swift; sourceTree = "<group>"; };
		004583BF1DFAAE97004720BD /* Base */ = {isa = PBXFileReference; lastKnownFileType = file.storyboard; name = Base; path = Base.lproj/Main.storyboard; sourceTree = "<group>"; };
		004583C11DFAAE97004720BD /* Assets.xcassets */ = {isa = PBXFileReference; lastKnownFileType = folder.assetcatalog; path = Assets.xcassets; sourceTree = "<group>"; };
		004583C41DFAAE97004720BD /* Base */ = {isa = PBXFileReference; lastKnownFileType = file.storyboard; name = Base; path = Base.lproj/LaunchScreen.storyboard; sourceTree = "<group>"; };
		004583C61DFAAE97004720BD /* Info.plist */ = {isa = PBXFileReference; lastKnownFileType = text.plist.xml; path = Info.plist; sourceTree = "<group>"; };
		004583D01DFAB37E004720BD /* RxSwiftExample-SearchBar+TableView.app */ = {isa = PBXFileReference; explicitFileType = wrapper.application; includeInIndex = 0; path = "RxSwiftExample-SearchBar+TableView.app"; sourceTree = BUILT_PRODUCTS_DIR; };
		004583D21DFAB37F004720BD /* AppDelegate.swift */ = {isa = PBXFileReference; lastKnownFileType = sourcecode.swift; path = AppDelegate.swift; sourceTree = "<group>"; };
		004583D41DFAB37F004720BD /* ViewController.swift */ = {isa = PBXFileReference; lastKnownFileType = sourcecode.swift; path = ViewController.swift; sourceTree = "<group>"; };
		004583D71DFAB37F004720BD /* Base */ = {isa = PBXFileReference; lastKnownFileType = file.storyboard; name = Base; path = Base.lproj/Main.storyboard; sourceTree = "<group>"; };
		004583D91DFAB37F004720BD /* Assets.xcassets */ = {isa = PBXFileReference; lastKnownFileType = folder.assetcatalog; path = Assets.xcassets; sourceTree = "<group>"; };
		004583DC1DFAB37F004720BD /* Base */ = {isa = PBXFileReference; lastKnownFileType = file.storyboard; name = Base; path = Base.lproj/LaunchScreen.storyboard; sourceTree = "<group>"; };
		004583DE1DFAB37F004720BD /* Info.plist */ = {isa = PBXFileReference; lastKnownFileType = text.plist.xml; path = Info.plist; sourceTree = "<group>"; };
		1D9CC80D6903B9745A196F70 /* Pods-RxSwiftStudy.debug.xcconfig */ = {isa = PBXFileReference; includeInIndex = 1; lastKnownFileType = text.xcconfig; name = "Pods-RxSwiftStudy.debug.xcconfig"; path = "Pods/Target Support Files/Pods-RxSwiftStudy/Pods-RxSwiftStudy.debug.xcconfig"; sourceTree = "<group>"; };
		ABD8BF04A5D9280BECA6784A /* Pods_RxSwiftStudy.framework */ = {isa = PBXFileReference; explicitFileType = wrapper.framework; includeInIndex = 0; path = Pods_RxSwiftStudy.framework; sourceTree = BUILT_PRODUCTS_DIR; };
		E54F6BD88402833039E8BA7E /* Pods-RxSwiftStudy.release.xcconfig */ = {isa = PBXFileReference; includeInIndex = 1; lastKnownFileType = text.xcconfig; name = "Pods-RxSwiftStudy.release.xcconfig"; path = "Pods/Target Support Files/Pods-RxSwiftStudy/Pods-RxSwiftStudy.release.xcconfig"; sourceTree = "<group>"; };
/* End PBXFileReference section */

/* Begin PBXFrameworksBuildPhase section */
		004583B41DFAAE97004720BD /* Frameworks */ = {
			isa = PBXFrameworksBuildPhase;
			buildActionMask = 2147483647;
			files = (
				922EAA68108AC6C218CBB728 /* Pods_RxSwiftStudy.framework in Frameworks */,
			);
			runOnlyForDeploymentPostprocessing = 0;
		};
		004583CD1DFAB37E004720BD /* Frameworks */ = {
			isa = PBXFrameworksBuildPhase;
			buildActionMask = 2147483647;
			files = (
			);
			runOnlyForDeploymentPostprocessing = 0;
		};
/* End PBXFrameworksBuildPhase section */

/* Begin PBXGroup section */
		004583AE1DFAAE97004720BD = {
			isa = PBXGroup;
			children = (
				004583B91DFAAE97004720BD /* RxSwiftStudy */,
				004583D11DFAB37F004720BD /* RxSwiftExample-SearchBar+TableView */,
				004583B81DFAAE97004720BD /* Products */,
				8644B2E03C62F6D30A7D2BD5 /* Pods */,
				B358FE717E02296064B078E8 /* Frameworks */,
			);
			sourceTree = "<group>";
		};
		004583B81DFAAE97004720BD /* Products */ = {
			isa = PBXGroup;
			children = (
				004583B71DFAAE97004720BD /* RxSwiftStudy.app */,
				004583D01DFAB37E004720BD /* RxSwiftExample-SearchBar+TableView.app */,
			);
			name = Products;
			sourceTree = "<group>";
		};
		004583B91DFAAE97004720BD /* RxSwiftStudy */ = {
			isa = PBXGroup;
			children = (
				004583BA1DFAAE97004720BD /* AppDelegate.swift */,
				004583BC1DFAAE97004720BD /* ViewController.swift */,
				004583BE1DFAAE97004720BD /* Main.storyboard */,
				004583C11DFAAE97004720BD /* Assets.xcassets */,
				004583C31DFAAE97004720BD /* LaunchScreen.storyboard */,
				004583C61DFAAE97004720BD /* Info.plist */,
			);
			path = RxSwiftStudy;
			sourceTree = "<group>";
		};
		004583D11DFAB37F004720BD /* RxSwiftExample-SearchBar+TableView */ = {
			isa = PBXGroup;
			children = (
				004583D21DFAB37F004720BD /* AppDelegate.swift */,
				004583D41DFAB37F004720BD /* ViewController.swift */,
				004583D61DFAB37F004720BD /* Main.storyboard */,
				004583D91DFAB37F004720BD /* Assets.xcassets */,
				004583DB1DFAB37F004720BD /* LaunchScreen.storyboard */,
				004583DE1DFAB37F004720BD /* Info.plist */,
			);
			path = "RxSwiftExample-SearchBar+TableView";
			sourceTree = "<group>";
		};
		8644B2E03C62F6D30A7D2BD5 /* Pods */ = {
			isa = PBXGroup;
			children = (
				1D9CC80D6903B9745A196F70 /* Pods-RxSwiftStudy.debug.xcconfig */,
				E54F6BD88402833039E8BA7E /* Pods-RxSwiftStudy.release.xcconfig */,
			);
			name = Pods;
			sourceTree = "<group>";
		};
		B358FE717E02296064B078E8 /* Frameworks */ = {
			isa = PBXGroup;
			children = (
				ABD8BF04A5D9280BECA6784A /* Pods_RxSwiftStudy.framework */,
			);
			name = Frameworks;
			sourceTree = "<group>";
		};
/* End PBXGroup section */

/* Begin PBXNativeTarget section */
		004583B61DFAAE97004720BD /* RxSwiftStudy */ = {
			isa = PBXNativeTarget;
			buildConfigurationList = 004583C91DFAAE97004720BD /* Build configuration list for PBXNativeTarget "RxSwiftStudy" */;
			buildPhases = (
				BD3B93506BF09DBBDEA942A2 /* [CP] Check Pods Manifest.lock */,
				004583B31DFAAE97004720BD /* Sources */,
				004583B41DFAAE97004720BD /* Frameworks */,
				004583B51DFAAE97004720BD /* Resources */,
				CE29DCB7997FFCEA9921FDEE /* [CP] Embed Pods Frameworks */,
				4619B090C33EEC08F9AC6C41 /* [CP] Copy Pods Resources */,
			);
			buildRules = (
			);
			dependencies = (
			);
			name = RxSwiftStudy;
			productName = RxSwiftStudy;
			productReference = 004583B71DFAAE97004720BD /* RxSwiftStudy.app */;
			productType = "com.apple.product-type.application";
		};
		004583CF1DFAB37E004720BD /* RxSwiftExample-SearchBar+TableView */ = {
			isa = PBXNativeTarget;
			buildConfigurationList = 004583E11DFAB37F004720BD /* Build configuration list for PBXNativeTarget "RxSwiftExample-SearchBar+TableView" */;
			buildPhases = (
				004583CC1DFAB37E004720BD /* Sources */,
				004583CD1DFAB37E004720BD /* Frameworks */,
				004583CE1DFAB37E004720BD /* Resources */,
			);
			buildRules = (
			);
			dependencies = (
			);
			name = "RxSwiftExample-SearchBar+TableView";
			productName = "RxSwiftExample-SearchBar+TableView";
			productReference = 004583D01DFAB37E004720BD /* RxSwiftExample-SearchBar+TableView.app */;
			productType = "com.apple.product-type.application";
		};
/* End PBXNativeTarget section */

/* Begin PBXProject section */
		004583AF1DFAAE97004720BD /* Project object */ = {
			isa = PBXProject;
			attributes = {
				LastSwiftUpdateCheck = 0800;
				LastUpgradeCheck = 0800;
				ORGANIZATIONNAME = Ninja;
				TargetAttributes = {
					004583B61DFAAE97004720BD = {
						CreatedOnToolsVersion = 8.0;
						DevelopmentTeam = B9VVZYTEMY;
						ProvisioningStyle = Automatic;
					};
					004583CF1DFAB37E004720BD = {
						CreatedOnToolsVersion = 8.0;
						DevelopmentTeam = B9VVZYTEMY;
						ProvisioningStyle = Automatic;
					};
				};
			};
			buildConfigurationList = 004583B21DFAAE97004720BD /* Build configuration list for PBXProject "RxSwiftStudy" */;
			compatibilityVersion = "Xcode 3.2";
			developmentRegion = English;
			hasScannedForEncodings = 0;
			knownRegions = (
				en,
				Base,
			);
			mainGroup = 004583AE1DFAAE97004720BD;
			productRefGroup = 004583B81DFAAE97004720BD /* Products */;
			projectDirPath = "";
			projectRoot = "";
			targets = (
				004583B61DFAAE97004720BD /* RxSwiftStudy */,
				004583CF1DFAB37E004720BD /* RxSwiftExample-SearchBar+TableView */,
			);
		};
/* End PBXProject section */

/* Begin PBXResourcesBuildPhase section */
		004583B51DFAAE97004720BD /* Resources */ = {
			isa = PBXResourcesBuildPhase;
			buildActionMask = 2147483647;
			files = (
				004583C51DFAAE97004720BD /* LaunchScreen.storyboard in Resources */,
				004583C21DFAAE97004720BD /* Assets.xcassets in Resources */,
				004583C01DFAAE97004720BD /* Main.storyboard in Resources */,
			);
			runOnlyForDeploymentPostprocessing = 0;
		};
		004583CE1DFAB37E004720BD /* Resources */ = {
			isa = PBXResourcesBuildPhase;
			buildActionMask = 2147483647;
			files = (
				004583DD1DFAB37F004720BD /* LaunchScreen.storyboard in Resources */,
				004583DA1DFAB37F004720BD /* Assets.xcassets in Resources */,
				004583D81DFAB37F004720BD /* Main.storyboard in Resources */,
			);
			runOnlyForDeploymentPostprocessing = 0;
		};
/* End PBXResourcesBuildPhase section */

/* Begin PBXShellScriptBuildPhase section */
		4619B090C33EEC08F9AC6C41 /* [CP] Copy Pods Resources */ = {
			isa = PBXShellScriptBuildPhase;
			buildActionMask = 2147483647;
			files = (
			);
			inputPaths = (
			);
			name = "[CP] Copy Pods Resources";
			outputPaths = (
			);
			runOnlyForDeploymentPostprocessing = 0;
			shellPath = /bin/sh;
			shellScript = "\"${SRCROOT}/Pods/Target Support Files/Pods-RxSwiftStudy/Pods-RxSwiftStudy-resources.sh\"\n";
			showEnvVarsInLog = 0;
		};
		BD3B93506BF09DBBDEA942A2 /* [CP] Check Pods Manifest.lock */ = {
			isa = PBXShellScriptBuildPhase;
			buildActionMask = 2147483647;
			files = (
			);
			inputPaths = (
			);
			name = "[CP] Check Pods Manifest.lock";
			outputPaths = (
			);
			runOnlyForDeploymentPostprocessing = 0;
			shellPath = /bin/sh;
			shellScript = "diff \"${PODS_ROOT}/../Podfile.lock\" \"${PODS_ROOT}/Manifest.lock\" > /dev/null\nif [ $? != 0 ] ; then\n    # print error to STDERR\n    echo \"error: The sandbox is not in sync with the Podfile.lock. Run 'pod install' or update your CocoaPods installation.\" >&2\n    exit 1\nfi\n";
			showEnvVarsInLog = 0;
		};
		CE29DCB7997FFCEA9921FDEE /* [CP] Embed Pods Frameworks */ = {
			isa = PBXShellScriptBuildPhase;
			buildActionMask = 2147483647;
			files = (
			);
			inputPaths = (
			);
			name = "[CP] Embed Pods Frameworks";
			outputPaths = (
			);
			runOnlyForDeploymentPostprocessing = 0;
			shellPath = /bin/sh;
			shellScript = "\"${SRCROOT}/Pods/Target Support Files/Pods-RxSwiftStudy/Pods-RxSwiftStudy-frameworks.sh\"\n";
			showEnvVarsInLog = 0;
		};
/* End PBXShellScriptBuildPhase section */

/* Begin PBXSourcesBuildPhase section */
		004583B31DFAAE97004720BD /* Sources */ = {
			isa = PBXSourcesBuildPhase;
			buildActionMask = 2147483647;
			files = (
				004583BD1DFAAE97004720BD /* ViewController.swift in Sources */,
				004583BB1DFAAE97004720BD /* AppDelegate.swift in Sources */,
			);
			runOnlyForDeploymentPostprocessing = 0;
		};
		004583CC1DFAB37E004720BD /* Sources */ = {
			isa = PBXSourcesBuildPhase;
			buildActionMask = 2147483647;
			files = (
				004583D51DFAB37F004720BD /* ViewController.swift in Sources */,
				004583D31DFAB37F004720BD /* AppDelegate.swift in Sources */,
			);
			runOnlyForDeploymentPostprocessing = 0;
		};
/* End PBXSourcesBuildPhase section */

/* Begin PBXVariantGroup section */
		004583BE1DFAAE97004720BD /* Main.storyboard */ = {
			isa = PBXVariantGroup;
			children = (
				004583BF1DFAAE97004720BD /* Base */,
			);
			name = Main.storyboard;
			sourceTree = "<group>";
		};
		004583C31DFAAE97004720BD /* LaunchScreen.storyboard */ = {
			isa = PBXVariantGroup;
			children = (
				004583C41DFAAE97004720BD /* Base */,
			);
			name = LaunchScreen.storyboard;
			sourceTree = "<group>";
		};
		004583D61DFAB37F004720BD /* Main.storyboard */ = {
			isa = PBXVariantGroup;
			children = (
				004583D71DFAB37F004720BD /* Base */,
			);
			name = Main.storyboard;
			sourceTree = "<group>";
		};
		004583DB1DFAB37F004720BD /* LaunchScreen.storyboard */ = {
			isa = PBXVariantGroup;
			children = (
				004583DC1DFAB37F004720BD /* Base */,
			);
			name = LaunchScreen.storyboard;
			sourceTree = "<group>";
		};
/* End PBXVariantGroup section */

/* Begin XCBuildConfiguration section */
		004583C71DFAAE97004720BD /* Debug */ = {
			isa = XCBuildConfiguration;
			buildSettings = {
				ALWAYS_SEARCH_USER_PATHS = NO;
				CLANG_ANALYZER_NONNULL = YES;
				CLANG_CXX_LANGUAGE_STANDARD = "gnu++0x";
				CLANG_CXX_LIBRARY = "libc++";
				CLANG_ENABLE_MODULES = YES;
				CLANG_ENABLE_OBJC_ARC = YES;
				CLANG_WARN_BOOL_CONVERSION = YES;
				CLANG_WARN_CONSTANT_CONVERSION = YES;
				CLANG_WARN_DIRECT_OBJC_ISA_USAGE = YES_ERROR;
				CLANG_WARN_DOCUMENTATION_COMMENTS = YES;
				CLANG_WARN_EMPTY_BODY = YES;
				CLANG_WARN_ENUM_CONVERSION = YES;
				CLANG_WARN_INFINITE_RECURSION = YES;
				CLANG_WARN_INT_CONVERSION = YES;
				CLANG_WARN_OBJC_ROOT_CLASS = YES_ERROR;
				CLANG_WARN_SUSPICIOUS_MOVES = YES;
				CLANG_WARN_UNREACHABLE_CODE = YES;
				CLANG_WARN__DUPLICATE_METHOD_MATCH = YES;
				"CODE_SIGN_IDENTITY[sdk=iphoneos*]" = "iPhone Developer";
				COPY_PHASE_STRIP = NO;
				DEBUG_INFORMATION_FORMAT = dwarf;
				ENABLE_STRICT_OBJC_MSGSEND = YES;
				ENABLE_TESTABILITY = YES;
				GCC_C_LANGUAGE_STANDARD = gnu99;
				GCC_DYNAMIC_NO_PIC = NO;
				GCC_NO_COMMON_BLOCKS = YES;
				GCC_OPTIMIZATION_LEVEL = 0;
				GCC_PREPROCESSOR_DEFINITIONS = (
					"DEBUG=1",
					"$(inherited)",
				);
				GCC_WARN_64_TO_32_BIT_CONVERSION = YES;
				GCC_WARN_ABOUT_RETURN_TYPE = YES_ERROR;
				GCC_WARN_UNDECLARED_SELECTOR = YES;
				GCC_WARN_UNINITIALIZED_AUTOS = YES_AGGRESSIVE;
				GCC_WARN_UNUSED_FUNCTION = YES;
				GCC_WARN_UNUSED_VARIABLE = YES;
				IPHONEOS_DEPLOYMENT_TARGET = 10.0;
				MTL_ENABLE_DEBUG_INFO = YES;
				ONLY_ACTIVE_ARCH = YES;
				SDKROOT = iphoneos;
				SWIFT_ACTIVE_COMPILATION_CONDITIONS = DEBUG;
				SWIFT_OPTIMIZATION_LEVEL = "-Onone";
			};
			name = Debug;
		};
		004583C81DFAAE97004720BD /* Release */ = {
			isa = XCBuildConfiguration;
			buildSettings = {
				ALWAYS_SEARCH_USER_PATHS = NO;
				CLANG_ANALYZER_NONNULL = YES;
				CLANG_CXX_LANGUAGE_STANDARD = "gnu++0x";
				CLANG_CXX_LIBRARY = "libc++";
				CLANG_ENABLE_MODULES = YES;
				CLANG_ENABLE_OBJC_ARC = YES;
				CLANG_WARN_BOOL_CONVERSION = YES;
				CLANG_WARN_CONSTANT_CONVERSION = YES;
				CLANG_WARN_DIRECT_OBJC_ISA_USAGE = YES_ERROR;
				CLANG_WARN_DOCUMENTATION_COMMENTS = YES;
				CLANG_WARN_EMPTY_BODY = YES;
				CLANG_WARN_ENUM_CONVERSION = YES;
				CLANG_WARN_INFINITE_RECURSION = YES;
				CLANG_WARN_INT_CONVERSION = YES;
				CLANG_WARN_OBJC_ROOT_CLASS = YES_ERROR;
				CLANG_WARN_SUSPICIOUS_MOVES = YES;
				CLANG_WARN_UNREACHABLE_CODE = YES;
				CLANG_WARN__DUPLICATE_METHOD_MATCH = YES;
				"CODE_SIGN_IDENTITY[sdk=iphoneos*]" = "iPhone Developer";
				COPY_PHASE_STRIP = NO;
				DEBUG_INFORMATION_FORMAT = "dwarf-with-dsym";
				ENABLE_NS_ASSERTIONS = NO;
				ENABLE_STRICT_OBJC_MSGSEND = YES;
				GCC_C_LANGUAGE_STANDARD = gnu99;
				GCC_NO_COMMON_BLOCKS = YES;
				GCC_WARN_64_TO_32_BIT_CONVERSION = YES;
				GCC_WARN_ABOUT_RETURN_TYPE = YES_ERROR;
				GCC_WARN_UNDECLARED_SELECTOR = YES;
				GCC_WARN_UNINITIALIZED_AUTOS = YES_AGGRESSIVE;
				GCC_WARN_UNUSED_FUNCTION = YES;
				GCC_WARN_UNUSED_VARIABLE = YES;
				IPHONEOS_DEPLOYMENT_TARGET = 10.0;
				MTL_ENABLE_DEBUG_INFO = NO;
				SDKROOT = iphoneos;
				SWIFT_OPTIMIZATION_LEVEL = "-Owholemodule";
				VALIDATE_PRODUCT = YES;
			};
			name = Release;
		};
		004583CA1DFAAE97004720BD /* Debug */ = {
			isa = XCBuildConfiguration;
			baseConfigurationReference = 1D9CC80D6903B9745A196F70 /* Pods-RxSwiftStudy.debug.xcconfig */;
			buildSettings = {
				ASSETCATALOG_COMPILER_APPICON_NAME = AppIcon;
				DEVELOPMENT_TEAM = B9VVZYTEMY;
				INFOPLIST_FILE = RxSwiftStudy/Info.plist;
				LD_RUNPATH_SEARCH_PATHS = "$(inherited) @executable_path/Frameworks";
				PRODUCT_BUNDLE_IDENTIFIER = com.own.RxSwiftStudy;
				PRODUCT_NAME = "$(TARGET_NAME)";
				SWIFT_VERSION = 3.0;
			};
			name = Debug;
		};
		004583CB1DFAAE97004720BD /* Release */ = {
			isa = XCBuildConfiguration;
			baseConfigurationReference = E54F6BD88402833039E8BA7E /* Pods-RxSwiftStudy.release.xcconfig */;
			buildSettings = {
				ASSETCATALOG_COMPILER_APPICON_NAME = AppIcon;
				DEVELOPMENT_TEAM = B9VVZYTEMY;
				INFOPLIST_FILE = RxSwiftStudy/Info.plist;
				LD_RUNPATH_SEARCH_PATHS = "$(inherited) @executable_path/Frameworks";
				PRODUCT_BUNDLE_IDENTIFIER = com.own.RxSwiftStudy;
				PRODUCT_NAME = "$(TARGET_NAME)";
				SWIFT_VERSION = 3.0;
			};
			name = Release;
		};
		004583DF1DFAB37F004720BD /* Debug */ = {
			isa = XCBuildConfiguration;
			buildSettings = {
				ASSETCATALOG_COMPILER_APPICON_NAME = AppIcon;
				DEVELOPMENT_TEAM = B9VVZYTEMY;
				INFOPLIST_FILE = "RxSwiftExample-SearchBar+TableView/Info.plist";
				LD_RUNPATH_SEARCH_PATHS = "$(inherited) @executable_path/Frameworks";
				PRODUCT_BUNDLE_IDENTIFIER = "com.own.RxSwiftExample-SearchBar-TableView";
				PRODUCT_NAME = "$(TARGET_NAME)";
				SWIFT_VERSION = 3.0;
			};
			name = Debug;
		};
		004583E01DFAB37F004720BD /* Release */ = {
			isa = XCBuildConfiguration;
			buildSettings = {
				ASSETCATALOG_COMPILER_APPICON_NAME = AppIcon;
				DEVELOPMENT_TEAM = B9VVZYTEMY;
				INFOPLIST_FILE = "RxSwiftExample-SearchBar+TableView/Info.plist";
				LD_RUNPATH_SEARCH_PATHS = "$(inherited) @executable_path/Frameworks";
				PRODUCT_BUNDLE_IDENTIFIER = "com.own.RxSwiftExample-SearchBar-TableView";
				PRODUCT_NAME = "$(TARGET_NAME)";
				SWIFT_VERSION = 3.0;
			};
			name = Release;
		};
/* End XCBuildConfiguration section */

/* Begin XCConfigurationList section */
		004583B21DFAAE97004720BD /* Build configuration list for PBXProject "RxSwiftStudy" */ = {
			isa = XCConfigurationList;
			buildConfigurations = (
				004583C71DFAAE97004720BD /* Debug */,
				004583C81DFAAE97004720BD /* Release */,
			);
			defaultConfigurationIsVisible = 0;
			defaultConfigurationName = Release;
		};
		004583C91DFAAE97004720BD /* Build configuration list for PBXNativeTarget "RxSwiftStudy" */ = {
			isa = XCConfigurationList;
			buildConfigurations = (
				004583CA1DFAAE97004720BD /* Debug */,
				004583CB1DFAAE97004720BD /* Release */,
			);
			defaultConfigurationIsVisible = 0;
			defaultConfigurationName = Release;
		};
		004583E11DFAB37F004720BD /* Build configuration list for PBXNativeTarget "RxSwiftExample-SearchBar+TableView" */ = {
			isa = XCConfigurationList;
			buildConfigurations = (
				004583DF1DFAB37F004720BD /* Debug */,
				004583E01DFAB37F004720BD /* Release */,
			);
			defaultConfigurationIsVisible = 0;
		};
/* End XCConfigurationList section */
	};
	rootObject = 004583AF1DFAAE97004720BD /* Project object */;
}
